
Microsoft Visual Studio Solution File, Format Version 12.00
# Visual Studio Version 17
VisualStudioVersion = 17.0.31903.59
MinimumVisualStudioVersion = 10.0.40219.1
Project("{FAE04EC0-301F-11D3-BF4B-00C04F79EFBC}") = "Shared.Core", "Shared.Core\Shared.Core.csproj", "{5A485902-13AD-4406-9E18-F7D60EA88FA2}"
EndProject
Project("{FAE04EC0-301F-11D3-BF4B-00C04F79EFBC}") = "Shared.Core.Tests", "Shared.Core.Tests\Shared.Core.Tests.csproj", "{D4D51FEE-847B-4406-AC45-CA1C8125616D}"
EndProject
Global
	GlobalSection(SolutionConfigurationPlatforms) = preSolution
		Debug|Any CPU = Debug|Any CPU
		Release|Any CPU = Release|Any CPU
	EndGlobalSection
	GlobalSection(SolutionProperties) = preSolution
		HideSolutionNode = FALSE
	EndGlobalSection
	GlobalSection(ProjectConfigurationPlatforms) = postSolution
		{A6CFA243-14F7-48ED-AB10-8B822872079C}.Debug|Any CPU.ActiveCfg = Debug|Any CPU
		{A6CFA243-14F7-48ED-AB10-8B822872079C}.Debug|Any CPU.Build.0 = Debug|Any CPU
		{A6CFA243-14F7-48ED-AB10-8B822872079C}.Release|Any CPU.ActiveCfg = Release|Any CPU
		{A6CFA243-14F7-48ED-AB10-8B822872079C}.Release|Any CPU.Build.0 = Release|Any CPU
		{5A485902-13AD-4406-9E18-F7D60EA88FA2}.Debug|Any CPU.ActiveCfg = Debug|Any CPU
		{5A485902-13AD-4406-9E18-F7D60EA88FA2}.Debug|Any CPU.Build.0 = Debug|Any CPU
		{5A485902-13AD-4406-9E18-F7D60EA88FA2}.Release|Any CPU.ActiveCfg = Release|Any CPU
		{5A485902-13AD-4406-9E18-F7D60EA88FA2}.Release|Any CPU.Build.0 = Release|Any CPU
		{D4D51FEE-847B-4406-AC45-CA1C8125616D}.Debug|Any CPU.ActiveCfg = Debug|Any CPU
		{D4D51FEE-847B-4406-AC45-CA1C8125616D}.Debug|Any CPU.Build.0 = Debug|Any CPU
		{D4D51FEE-847B-4406-AC45-CA1C8125616D}.Release|Any CPU.ActiveCfg = Release|Any CPU
		{D4D51FEE-847B-4406-AC45-CA1C8125616D}.Release|Any CPU.Build.0 = Release|Any CPU
	EndGlobalSection
EndGlobal
